// !$*UTF8*$!
{
	archiveVersion = 1;
	classes = {
	};
	objectVersion = 55;
	objects = {

/* Begin PBXBuildFile section */
		6323F3602A7957F6001B0362 /* TodoItemView.swift in Sources */ = {isa = PBXBuildFile; fileRef = 6323F35F2A7957F6001B0362 /* TodoItemView.swift */; };
		6323F3622A7959E9001B0362 /* TodoUpsertView.swift in Sources */ = {isa = PBXBuildFile; fileRef = 6323F3612A7959E9001B0362 /* TodoUpsertView.swift */; };
		63D3AE2D2A7946F100C99170 /* TodoListUbersnapApp.swift in Sources */ = {isa = PBXBuildFile; fileRef = 63D3AE2C2A7946F100C99170 /* TodoListUbersnapApp.swift */; };
		63D3AE2F2A7946F100C99170 /* TodoHomeView.swift in Sources */ = {isa = PBXBuildFile; fileRef = 63D3AE2E2A7946F100C99170 /* TodoHomeView.swift */; };
		63D3AE312A7946F300C99170 /* Assets.xcassets in Resources */ = {isa = PBXBuildFile; fileRef = 63D3AE302A7946F300C99170 /* Assets.xcassets */; };
		63D3AE342A7946F300C99170 /* Preview Assets.xcassets in Resources */ = {isa = PBXBuildFile; fileRef = 63D3AE332A7946F300C99170 /* Preview Assets.xcassets */; };
		63D3AE362A7946F300C99170 /* Persistence.swift in Sources */ = {isa = PBXBuildFile; fileRef = 63D3AE352A7946F300C99170 /* Persistence.swift */; };
		63D3AE392A7946F300C99170 /* TodoListUbersnap.xcdatamodeld in Sources */ = {isa = PBXBuildFile; fileRef = 63D3AE372A7946F300C99170 /* TodoListUbersnap.xcdatamodeld */; };
		63D3AE432A7946F300C99170 /* TodoListUbersnapTests.swift in Sources */ = {isa = PBXBuildFile; fileRef = 63D3AE422A7946F300C99170 /* TodoListUbersnapTests.swift */; };
		63D3AE4D2A7946F300C99170 /* TodoListUbersnapUITests.swift in Sources */ = {isa = PBXBuildFile; fileRef = 63D3AE4C2A7946F300C99170 /* TodoListUbersnapUITests.swift */; };
		63D3AE4F2A7946F300C99170 /* TodoListUbersnapUITestsLaunchTests.swift in Sources */ = {isa = PBXBuildFile; fileRef = 63D3AE4E2A7946F300C99170 /* TodoListUbersnapUITestsLaunchTests.swift */; };
		63E19F022A7977C600F1F0EE /* TodoViewModel.swift in Sources */ = {isa = PBXBuildFile; fileRef = 63E19F012A7977C600F1F0EE /* TodoViewModel.swift */; };
		63E19F052A7978F200F1F0EE /* TodoModel.swift in Sources */ = {isa = PBXBuildFile; fileRef = 63E19F042A7978F200F1F0EE /* TodoModel.swift */; };
		FAFA3B752A7A15AD005715DE /* DatePickerField.swift in Sources */ = {isa = PBXBuildFile; fileRef = FAFA3B742A7A15AD005715DE /* DatePickerField.swift */; };
		FAFA3B782A7A259E005715DE /* Extension+View.swift in Sources */ = {isa = PBXBuildFile; fileRef = FAFA3B772A7A259E005715DE /* Extension+View.swift */; };
		FAFA3B7B2A7A260E005715DE /* LocalizedAlertError.swift in Sources */ = {isa = PBXBuildFile; fileRef = FAFA3B7A2A7A260E005715DE /* LocalizedAlertError.swift */; };
		FAFA3B7D2A7A2717005715DE /* EnumError.swift in Sources */ = {isa = PBXBuildFile; fileRef = FAFA3B7C2A7A2717005715DE /* EnumError.swift */; };
/* End PBXBuildFile section */

/* Begin PBXContainerItemProxy section */
		63D3AE3F2A7946F300C99170 /* PBXContainerItemProxy */ = {
			isa = PBXContainerItemProxy;
			containerPortal = 63D3AE212A7946F100C99170 /* Project object */;
			proxyType = 1;
			remoteGlobalIDString = 63D3AE282A7946F100C99170;
			remoteInfo = TodoListUbersnap;
		};
		63D3AE492A7946F300C99170 /* PBXContainerItemProxy */ = {
			isa = PBXContainerItemProxy;
			containerPortal = 63D3AE212A7946F100C99170 /* Project object */;
			proxyType = 1;
			remoteGlobalIDString = 63D3AE282A7946F100C99170;
			remoteInfo = TodoListUbersnap;
		};
/* End PBXContainerItemProxy section */

/* Begin PBXFileReference section */
		6323F35F2A7957F6001B0362 /* TodoItemView.swift */ = {isa = PBXFileReference; lastKnownFileType = sourcecode.swift; path = TodoItemView.swift; sourceTree = "<group>"; };
		6323F3612A7959E9001B0362 /* TodoUpsertView.swift */ = {isa = PBXFileReference; lastKnownFileType = sourcecode.swift; path = TodoUpsertView.swift; sourceTree = "<group>"; };
		63D3AE292A7946F100C99170 /* TodoListUbersnap.app */ = {isa = PBXFileReference; explicitFileType = wrapper.application; includeInIndex = 0; path = TodoListUbersnap.app; sourceTree = BUILT_PRODUCTS_DIR; };
		63D3AE2C2A7946F100C99170 /* TodoListUbersnapApp.swift */ = {isa = PBXFileReference; lastKnownFileType = sourcecode.swift; path = TodoListUbersnapApp.swift; sourceTree = "<group>"; };
		63D3AE2E2A7946F100C99170 /* TodoHomeView.swift */ = {isa = PBXFileReference; lastKnownFileType = sourcecode.swift; path = TodoHomeView.swift; sourceTree = "<group>"; };
		63D3AE302A7946F300C99170 /* Assets.xcassets */ = {isa = PBXFileReference; lastKnownFileType = folder.assetcatalog; path = Assets.xcassets; sourceTree = "<group>"; };
		63D3AE332A7946F300C99170 /* Preview Assets.xcassets */ = {isa = PBXFileReference; lastKnownFileType = folder.assetcatalog; path = "Preview Assets.xcassets"; sourceTree = "<group>"; };
		63D3AE352A7946F300C99170 /* Persistence.swift */ = {isa = PBXFileReference; lastKnownFileType = sourcecode.swift; path = Persistence.swift; sourceTree = "<group>"; };
		63D3AE382A7946F300C99170 /* TodoListUbersnap.xcdatamodel */ = {isa = PBXFileReference; lastKnownFileType = wrapper.xcdatamodel; path = TodoListUbersnap.xcdatamodel; sourceTree = "<group>"; };
		63D3AE3E2A7946F300C99170 /* TodoListUbersnapTests.xctest */ = {isa = PBXFileReference; explicitFileType = wrapper.cfbundle; includeInIndex = 0; path = TodoListUbersnapTests.xctest; sourceTree = BUILT_PRODUCTS_DIR; };
		63D3AE422A7946F300C99170 /* TodoListUbersnapTests.swift */ = {isa = PBXFileReference; lastKnownFileType = sourcecode.swift; path = TodoListUbersnapTests.swift; sourceTree = "<group>"; };
		63D3AE482A7946F300C99170 /* TodoListUbersnapUITests.xctest */ = {isa = PBXFileReference; explicitFileType = wrapper.cfbundle; includeInIndex = 0; path = TodoListUbersnapUITests.xctest; sourceTree = BUILT_PRODUCTS_DIR; };
		63D3AE4C2A7946F300C99170 /* TodoListUbersnapUITests.swift */ = {isa = PBXFileReference; lastKnownFileType = sourcecode.swift; path = TodoListUbersnapUITests.swift; sourceTree = "<group>"; };
		63D3AE4E2A7946F300C99170 /* TodoListUbersnapUITestsLaunchTests.swift */ = {isa = PBXFileReference; lastKnownFileType = sourcecode.swift; path = TodoListUbersnapUITestsLaunchTests.swift; sourceTree = "<group>"; };
		63E19F012A7977C600F1F0EE /* TodoViewModel.swift */ = {isa = PBXFileReference; lastKnownFileType = sourcecode.swift; path = TodoViewModel.swift; sourceTree = "<group>"; };
		63E19F042A7978F200F1F0EE /* TodoModel.swift */ = {isa = PBXFileReference; lastKnownFileType = sourcecode.swift; path = TodoModel.swift; sourceTree = "<group>"; };
		FAFA3B742A7A15AD005715DE /* DatePickerField.swift */ = {isa = PBXFileReference; lastKnownFileType = sourcecode.swift; path = DatePickerField.swift; sourceTree = "<group>"; };
		FAFA3B772A7A259E005715DE /* Extension+View.swift */ = {isa = PBXFileReference; lastKnownFileType = sourcecode.swift; path = "Extension+View.swift"; sourceTree = "<group>"; };
		FAFA3B7A2A7A260E005715DE /* LocalizedAlertError.swift */ = {isa = PBXFileReference; lastKnownFileType = sourcecode.swift; path = LocalizedAlertError.swift; sourceTree = "<group>"; };
		FAFA3B7C2A7A2717005715DE /* EnumError.swift */ = {isa = PBXFileReference; lastKnownFileType = sourcecode.swift; path = EnumError.swift; sourceTree = "<group>"; };
/* End PBXFileReference section */

/* Begin PBXFrameworksBuildPhase section */
		63D3AE262A7946F100C99170 /* Frameworks */ = {
			isa = PBXFrameworksBuildPhase;
			buildActionMask = 2147483647;
			files = (
			);
			runOnlyForDeploymentPostprocessing = 0;
		};
		63D3AE3B2A7946F300C99170 /* Frameworks */ = {
			isa = PBXFrameworksBuildPhase;
			buildActionMask = 2147483647;
			files = (
			);
			runOnlyForDeploymentPostprocessing = 0;
		};
		63D3AE452A7946F300C99170 /* Frameworks */ = {
			isa = PBXFrameworksBuildPhase;
			buildActionMask = 2147483647;
			files = (
			);
			runOnlyForDeploymentPostprocessing = 0;
		};
/* End PBXFrameworksBuildPhase section */

/* Begin PBXGroup section */
		63D3AE202A7946F100C99170 = {
			isa = PBXGroup;
			children = (
				63D3AE2B2A7946F100C99170 /* TodoListUbersnap */,
				63D3AE412A7946F300C99170 /* TodoListUbersnapTests */,
				63D3AE4B2A7946F300C99170 /* TodoListUbersnapUITests */,
				63D3AE2A2A7946F100C99170 /* Products */,
			);
			sourceTree = "<group>";
		};
		63D3AE2A2A7946F100C99170 /* Products */ = {
			isa = PBXGroup;
			children = (
				63D3AE292A7946F100C99170 /* TodoListUbersnap.app */,
				63D3AE3E2A7946F300C99170 /* TodoListUbersnapTests.xctest */,
				63D3AE482A7946F300C99170 /* TodoListUbersnapUITests.xctest */,
			);
			name = Products;
			sourceTree = "<group>";
		};
		63D3AE2B2A7946F100C99170 /* TodoListUbersnap */ = {
			isa = PBXGroup;
			children = (
				63D3AE5D2A7950BA00C99170 /* Views */,
				63E19F032A7978DF00F1F0EE /* Model */,
				63E19F002A79777900F1F0EE /* ViewModels */,
				FAFA3B762A7A257C005715DE /* Extension */,
				FAFA3B792A7A2607005715DE /* Error */,
				63D3AE2C2A7946F100C99170 /* TodoListUbersnapApp.swift */,
				63D3AE352A7946F300C99170 /* Persistence.swift */,
				63D3AE302A7946F300C99170 /* Assets.xcassets */,
				63D3AE372A7946F300C99170 /* TodoListUbersnap.xcdatamodeld */,
				63D3AE322A7946F300C99170 /* Preview Content */,
			);
			path = TodoListUbersnap;
			sourceTree = "<group>";
		};
		63D3AE322A7946F300C99170 /* Preview Content */ = {
			isa = PBXGroup;
			children = (
				63D3AE332A7946F300C99170 /* Preview Assets.xcassets */,
			);
			path = "Preview Content";
			sourceTree = "<group>";
		};
		63D3AE412A7946F300C99170 /* TodoListUbersnapTests */ = {
			isa = PBXGroup;
			children = (
				63D3AE422A7946F300C99170 /* TodoListUbersnapTests.swift */,
			);
			path = TodoListUbersnapTests;
			sourceTree = "<group>";
		};
		63D3AE4B2A7946F300C99170 /* TodoListUbersnapUITests */ = {
			isa = PBXGroup;
			children = (
				63D3AE4C2A7946F300C99170 /* TodoListUbersnapUITests.swift */,
				63D3AE4E2A7946F300C99170 /* TodoListUbersnapUITestsLaunchTests.swift */,
			);
			path = TodoListUbersnapUITests;
			sourceTree = "<group>";
		};
		63D3AE5D2A7950BA00C99170 /* Views */ = {
			isa = PBXGroup;
			children = (
				63D3AE2E2A7946F100C99170 /* TodoHomeView.swift */,
				6323F3612A7959E9001B0362 /* TodoUpsertView.swift */,
				6323F35F2A7957F6001B0362 /* TodoItemView.swift */,
				FAFA3B742A7A15AD005715DE /* DatePickerField.swift */,
			);
			path = Views;
			sourceTree = "<group>";
		};
		63E19F002A79777900F1F0EE /* ViewModels */ = {
			isa = PBXGroup;
			children = (
				63E19F012A7977C600F1F0EE /* TodoViewModel.swift */,
			);
			path = ViewModels;
			sourceTree = "<group>";
		};
		63E19F032A7978DF00F1F0EE /* Model */ = {
			isa = PBXGroup;
			children = (
				63E19F042A7978F200F1F0EE /* TodoModel.swift */,
			);
			path = Model;
			sourceTree = "<group>";
		};
		FAFA3B762A7A257C005715DE /* Extension */ = {
			isa = PBXGroup;
			children = (
				FAFA3B772A7A259E005715DE /* Extension+View.swift */,
			);
			path = Extension;
			sourceTree = "<group>";
		};
		FAFA3B792A7A2607005715DE /* Error */ = {
			isa = PBXGroup;
			children = (
				FAFA3B7A2A7A260E005715DE /* LocalizedAlertError.swift */,
				FAFA3B7C2A7A2717005715DE /* EnumError.swift */,
			);
			path = Error;
			sourceTree = "<group>";
		};
/* End PBXGroup section */

/* Begin PBXNativeTarget section */
		63D3AE282A7946F100C99170 /* TodoListUbersnap */ = {
			isa = PBXNativeTarget;
			buildConfigurationList = 63D3AE522A7946F300C99170 /* Build configuration list for PBXNativeTarget "TodoListUbersnap" */;
			buildPhases = (
				63D3AE252A7946F100C99170 /* Sources */,
				63D3AE262A7946F100C99170 /* Frameworks */,
				63D3AE272A7946F100C99170 /* Resources */,
			);
			buildRules = (
			);
			dependencies = (
			);
			name = TodoListUbersnap;
			productName = TodoListUbersnap;
			productReference = 63D3AE292A7946F100C99170 /* TodoListUbersnap.app */;
			productType = "com.apple.product-type.application";
		};
		63D3AE3D2A7946F300C99170 /* TodoListUbersnapTests */ = {
			isa = PBXNativeTarget;
			buildConfigurationList = 63D3AE552A7946F300C99170 /* Build configuration list for PBXNativeTarget "TodoListUbersnapTests" */;
			buildPhases = (
				63D3AE3A2A7946F300C99170 /* Sources */,
				63D3AE3B2A7946F300C99170 /* Frameworks */,
				63D3AE3C2A7946F300C99170 /* Resources */,
			);
			buildRules = (
			);
			dependencies = (
				63D3AE402A7946F300C99170 /* PBXTargetDependency */,
			);
			name = TodoListUbersnapTests;
			productName = TodoListUbersnapTests;
			productReference = 63D3AE3E2A7946F300C99170 /* TodoListUbersnapTests.xctest */;
			productType = "com.apple.product-type.bundle.unit-test";
		};
		63D3AE472A7946F300C99170 /* TodoListUbersnapUITests */ = {
			isa = PBXNativeTarget;
			buildConfigurationList = 63D3AE582A7946F300C99170 /* Build configuration list for PBXNativeTarget "TodoListUbersnapUITests" */;
			buildPhases = (
				63D3AE442A7946F300C99170 /* Sources */,
				63D3AE452A7946F300C99170 /* Frameworks */,
				63D3AE462A7946F300C99170 /* Resources */,
			);
			buildRules = (
			);
			dependencies = (
				63D3AE4A2A7946F300C99170 /* PBXTargetDependency */,
			);
			name = TodoListUbersnapUITests;
			productName = TodoListUbersnapUITests;
			productReference = 63D3AE482A7946F300C99170 /* TodoListUbersnapUITests.xctest */;
			productType = "com.apple.product-type.bundle.ui-testing";
		};
/* End PBXNativeTarget section */

/* Begin PBXProject section */
		63D3AE212A7946F100C99170 /* Project object */ = {
			isa = PBXProject;
			attributes = {
				BuildIndependentTargetsInParallel = 1;
				LastSwiftUpdateCheck = 1340;
				LastUpgradeCheck = 1340;
				TargetAttributes = {
					63D3AE282A7946F100C99170 = {
						CreatedOnToolsVersion = 13.4.1;
					};
					63D3AE3D2A7946F300C99170 = {
						CreatedOnToolsVersion = 13.4.1;
						TestTargetID = 63D3AE282A7946F100C99170;
					};
					63D3AE472A7946F300C99170 = {
						CreatedOnToolsVersion = 13.4.1;
						TestTargetID = 63D3AE282A7946F100C99170;
					};
				};
			};
			buildConfigurationList = 63D3AE242A7946F100C99170 /* Build configuration list for PBXProject "TodoListUbersnap" */;
			compatibilityVersion = "Xcode 13.0";
			developmentRegion = en;
			hasScannedForEncodings = 0;
			knownRegions = (
				en,
				Base,
			);
			mainGroup = 63D3AE202A7946F100C99170;
			productRefGroup = 63D3AE2A2A7946F100C99170 /* Products */;
			projectDirPath = "";
			projectRoot = "";
			targets = (
				63D3AE282A7946F100C99170 /* TodoListUbersnap */,
				63D3AE3D2A7946F300C99170 /* TodoListUbersnapTests */,
				63D3AE472A7946F300C99170 /* TodoListUbersnapUITests */,
			);
		};
/* End PBXProject section */

/* Begin PBXResourcesBuildPhase section */
		63D3AE272A7946F100C99170 /* Resources */ = {
			isa = PBXResourcesBuildPhase;
			buildActionMask = 2147483647;
			files = (
				63D3AE342A7946F300C99170 /* Preview Assets.xcassets in Resources */,
				63D3AE312A7946F300C99170 /* Assets.xcassets in Resources */,
			);
			runOnlyForDeploymentPostprocessing = 0;
		};
		63D3AE3C2A7946F300C99170 /* Resources */ = {
			isa = PBXResourcesBuildPhase;
			buildActionMask = 2147483647;
			files = (
			);
			runOnlyForDeploymentPostprocessing = 0;
		};
		63D3AE462A7946F300C99170 /* Resources */ = {
			isa = PBXResourcesBuildPhase;
			buildActionMask = 2147483647;
			files = (
			);
			runOnlyForDeploymentPostprocessing = 0;
		};
/* End PBXResourcesBuildPhase section */

/* Begin PBXSourcesBuildPhase section */
		63D3AE252A7946F100C99170 /* Sources */ = {
			isa = PBXSourcesBuildPhase;
			buildActionMask = 2147483647;
			files = (
				6323F3622A7959E9001B0362 /* TodoUpsertView.swift in Sources */,
				63E19F052A7978F200F1F0EE /* TodoModel.swift in Sources */,
				FAFA3B782A7A259E005715DE /* Extension+View.swift in Sources */,
				63D3AE362A7946F300C99170 /* Persistence.swift in Sources */,
				63D3AE2F2A7946F100C99170 /* TodoHomeView.swift in Sources */,
				FAFA3B7B2A7A260E005715DE /* LocalizedAlertError.swift in Sources */,
				63D3AE2D2A7946F100C99170 /* TodoListUbersnapApp.swift in Sources */,
				63D3AE392A7946F300C99170 /* TodoListUbersnap.xcdatamodeld in Sources */,
				FAFA3B752A7A15AD005715DE /* DatePickerField.swift in Sources */,
				FAFA3B7D2A7A2717005715DE /* EnumError.swift in Sources */,
				63E19F022A7977C600F1F0EE /* TodoViewModel.swift in Sources */,
				6323F3602A7957F6001B0362 /* TodoItemView.swift in Sources */,
			);
			runOnlyForDeploymentPostprocessing = 0;
		};
		63D3AE3A2A7946F300C99170 /* Sources */ = {
			isa = PBXSourcesBuildPhase;
			buildActionMask = 2147483647;
			files = (
				63D3AE432A7946F300C99170 /* TodoListUbersnapTests.swift in Sources */,
			);
			runOnlyForDeploymentPostprocessing = 0;
		};
		63D3AE442A7946F300C99170 /* Sources */ = {
			isa = PBXSourcesBuildPhase;
			buildActionMask = 2147483647;
			files = (
				63D3AE4F2A7946F300C99170 /* TodoListUbersnapUITestsLaunchTests.swift in Sources */,
				63D3AE4D2A7946F300C99170 /* TodoListUbersnapUITests.swift in Sources */,
			);
			runOnlyForDeploymentPostprocessing = 0;
		};
/* End PBXSourcesBuildPhase section */

/* Begin PBXTargetDependency section */
		63D3AE402A7946F300C99170 /* PBXTargetDependency */ = {
			isa = PBXTargetDependency;
			target = 63D3AE282A7946F100C99170 /* TodoListUbersnap */;
			targetProxy = 63D3AE3F2A7946F300C99170 /* PBXContainerItemProxy */;
		};
		63D3AE4A2A7946F300C99170 /* PBXTargetDependency */ = {
			isa = PBXTargetDependency;
			target = 63D3AE282A7946F100C99170 /* TodoListUbersnap */;
			targetProxy = 63D3AE492A7946F300C99170 /* PBXContainerItemProxy */;
		};
/* End PBXTargetDependency section */

/* Begin XCBuildConfiguration section */
		63D3AE502A7946F300C99170 /* Debug */ = {
			isa = XCBuildConfiguration;
			buildSettings = {
				ALWAYS_SEARCH_USER_PATHS = NO;
				CLANG_ANALYZER_NONNULL = YES;
				CLANG_ANALYZER_NUMBER_OBJECT_CONVERSION = YES_AGGRESSIVE;
				CLANG_CXX_LANGUAGE_STANDARD = "gnu++17";
				CLANG_ENABLE_MODULES = YES;
				CLANG_ENABLE_OBJC_ARC = YES;
				CLANG_ENABLE_OBJC_WEAK = YES;
				CLANG_WARN_BLOCK_CAPTURE_AUTORELEASING = YES;
				CLANG_WARN_BOOL_CONVERSION = YES;
				CLANG_WARN_COMMA = YES;
				CLANG_WARN_CONSTANT_CONVERSION = YES;
				CLANG_WARN_DEPRECATED_OBJC_IMPLEMENTATIONS = YES;
				CLANG_WARN_DIRECT_OBJC_ISA_USAGE = YES_ERROR;
				CLANG_WARN_DOCUMENTATION_COMMENTS = YES;
				CLANG_WARN_EMPTY_BODY = YES;
				CLANG_WARN_ENUM_CONVERSION = YES;
				CLANG_WARN_INFINITE_RECURSION = YES;
				CLANG_WARN_INT_CONVERSION = YES;
				CLANG_WARN_NON_LITERAL_NULL_CONVERSION = YES;
				CLANG_WARN_OBJC_IMPLICIT_RETAIN_SELF = YES;
				CLANG_WARN_OBJC_LITERAL_CONVERSION = YES;
				CLANG_WARN_OBJC_ROOT_CLASS = YES_ERROR;
				CLANG_WARN_QUOTED_INCLUDE_IN_FRAMEWORK_HEADER = YES;
				CLANG_WARN_RANGE_LOOP_ANALYSIS = YES;
				CLANG_WARN_STRICT_PROTOTYPES = YES;
				CLANG_WARN_SUSPICIOUS_MOVE = YES;
				CLANG_WARN_UNGUARDED_AVAILABILITY = YES_AGGRESSIVE;
				CLANG_WARN_UNREACHABLE_CODE = YES;
				CLANG_WARN__DUPLICATE_METHOD_MATCH = YES;
				COPY_PHASE_STRIP = NO;
				DEBUG_INFORMATION_FORMAT = dwarf;
				ENABLE_STRICT_OBJC_MSGSEND = YES;
				ENABLE_TESTABILITY = YES;
				GCC_C_LANGUAGE_STANDARD = gnu11;
				GCC_DYNAMIC_NO_PIC = NO;
				GCC_NO_COMMON_BLOCKS = YES;
				GCC_OPTIMIZATION_LEVEL = 0;
				GCC_PREPROCESSOR_DEFINITIONS = (
					"DEBUG=1",
					"$(inherited)",
				);
				GCC_WARN_64_TO_32_BIT_CONVERSION = YES;
				GCC_WARN_ABOUT_RETURN_TYPE = YES_ERROR;
				GCC_WARN_UNDECLARED_SELECTOR = YES;
				GCC_WARN_UNINITIALIZED_AUTOS = YES_AGGRESSIVE;
				GCC_WARN_UNUSED_FUNCTION = YES;
				GCC_WARN_UNUSED_VARIABLE = YES;
				IPHONEOS_DEPLOYMENT_TARGET = 15.5;
				MTL_ENABLE_DEBUG_INFO = INCLUDE_SOURCE;
				MTL_FAST_MATH = YES;
				ONLY_ACTIVE_ARCH = YES;
				SDKROOT = iphoneos;
				SWIFT_ACTIVE_COMPILATION_CONDITIONS = DEBUG;
				SWIFT_OPTIMIZATION_LEVEL = "-Onone";
			};
			name = Debug;
		};
		63D3AE512A7946F300C99170 /* Release */ = {
			isa = XCBuildConfiguration;
			buildSettings = {
				ALWAYS_SEARCH_USER_PATHS = NO;
				CLANG_ANALYZER_NONNULL = YES;
				CLANG_ANALYZER_NUMBER_OBJECT_CONVERSION = YES_AGGRESSIVE;
				CLANG_CXX_LANGUAGE_STANDARD = "gnu++17";
				CLANG_ENABLE_MODULES = YES;
				CLANG_ENABLE_OBJC_ARC = YES;
				CLANG_ENABLE_OBJC_WEAK = YES;
				CLANG_WARN_BLOCK_CAPTURE_AUTORELEASING = YES;
				CLANG_WARN_BOOL_CONVERSION = YES;
				CLANG_WARN_COMMA = YES;
				CLANG_WARN_CONSTANT_CONVERSION = YES;
				CLANG_WARN_DEPRECATED_OBJC_IMPLEMENTATIONS = YES;
				CLANG_WARN_DIRECT_OBJC_ISA_USAGE = YES_ERROR;
				CLANG_WARN_DOCUMENTATION_COMMENTS = YES;
				CLANG_WARN_EMPTY_BODY = YES;
				CLANG_WARN_ENUM_CONVERSION = YES;
				CLANG_WARN_INFINITE_RECURSION = YES;
				CLANG_WARN_INT_CONVERSION = YES;
				CLANG_WARN_NON_LITERAL_NULL_CONVERSION = YES;
				CLANG_WARN_OBJC_IMPLICIT_RETAIN_SELF = YES;
				CLANG_WARN_OBJC_LITERAL_CONVERSION = YES;
				CLANG_WARN_OBJC_ROOT_CLASS = YES_ERROR;
				CLANG_WARN_QUOTED_INCLUDE_IN_FRAMEWORK_HEADER = YES;
				CLANG_WARN_RANGE_LOOP_ANALYSIS = YES;
				CLANG_WARN_STRICT_PROTOTYPES = YES;
				CLANG_WARN_SUSPICIOUS_MOVE = YES;
				CLANG_WARN_UNGUARDED_AVAILABILITY = YES_AGGRESSIVE;
				CLANG_WARN_UNREACHABLE_CODE = YES;
				CLANG_WARN__DUPLICATE_METHOD_MATCH = YES;
				COPY_PHASE_STRIP = NO;
				DEBUG_INFORMATION_FORMAT = "dwarf-with-dsym";
				ENABLE_NS_ASSERTIONS = NO;
				ENABLE_STRICT_OBJC_MSGSEND = YES;
				GCC_C_LANGUAGE_STANDARD = gnu11;
				GCC_NO_COMMON_BLOCKS = YES;
				GCC_WARN_64_TO_32_BIT_CONVERSION = YES;
				GCC_WARN_ABOUT_RETURN_TYPE = YES_ERROR;
				GCC_WARN_UNDECLARED_SELECTOR = YES;
				GCC_WARN_UNINITIALIZED_AUTOS = YES_AGGRESSIVE;
				GCC_WARN_UNUSED_FUNCTION = YES;
				GCC_WARN_UNUSED_VARIABLE = YES;
				IPHONEOS_DEPLOYMENT_TARGET = 15.5;
				MTL_ENABLE_DEBUG_INFO = NO;
				MTL_FAST_MATH = YES;
				SDKROOT = iphoneos;
				SWIFT_COMPILATION_MODE = wholemodule;
				SWIFT_OPTIMIZATION_LEVEL = "-O";
				VALIDATE_PRODUCT = YES;
			};
			name = Release;
		};
		63D3AE532A7946F300C99170 /* Debug */ = {
			isa = XCBuildConfiguration;
			buildSettings = {
				ASSETCATALOG_COMPILER_APPICON_NAME = AppIcon;
				ASSETCATALOG_COMPILER_GLOBAL_ACCENT_COLOR_NAME = AccentColor;
				CODE_SIGN_STYLE = Automatic;
				CURRENT_PROJECT_VERSION = 1;
				DEVELOPMENT_ASSET_PATHS = "\"TodoListUbersnap/Preview Content\"";
				ENABLE_PREVIEWS = YES;
				GENERATE_INFOPLIST_FILE = YES;
				INFOPLIST_KEY_UIApplicationSceneManifest_Generation = YES;
				INFOPLIST_KEY_UIApplicationSupportsIndirectInputEvents = YES;
				INFOPLIST_KEY_UILaunchScreen_Generation = YES;
				INFOPLIST_KEY_UISupportedInterfaceOrientations_iPad = "UIInterfaceOrientationPortrait UIInterfaceOrientationPortraitUpsideDown UIInterfaceOrientationLandscapeLeft UIInterfaceOrientationLandscapeRight";
				INFOPLIST_KEY_UISupportedInterfaceOrientations_iPhone = "UIInterfaceOrientationPortrait UIInterfaceOrientationLandscapeLeft UIInterfaceOrientationLandscapeRight";
				LD_RUNPATH_SEARCH_PATHS = (
					"$(inherited)",
					"@executable_path/Frameworks",
				);
				MARKETING_VERSION = 1.0;
				PRODUCT_BUNDLE_IDENTIFIER = com.nicholausadi.TodoListUbersnap;
				PRODUCT_NAME = "$(TARGET_NAME)";
				SWIFT_EMIT_LOC_STRINGS = YES;
				SWIFT_VERSION = 5.0;
				TARGETED_DEVICE_FAMILY = "1,2";
			};
			name = Debug;
		};
		63D3AE542A7946F300C99170 /* Release */ = {
			isa = XCBuildConfiguration;
			buildSettings = {
				ASSETCATALOG_COMPILER_APPICON_NAME = AppIcon;
				ASSETCATALOG_COMPILER_GLOBAL_ACCENT_COLOR_NAME = AccentColor;
				CODE_SIGN_STYLE = Automatic;
				CURRENT_PROJECT_VERSION = 1;
				DEVELOPMENT_ASSET_PATHS = "\"TodoListUbersnap/Preview Content\"";
				ENABLE_PREVIEWS = YES;
				GENERATE_INFOPLIST_FILE = YES;
				INFOPLIST_KEY_UIApplicationSceneManifest_Generation = YES;
				INFOPLIST_KEY_UIApplicationSupportsIndirectInputEvents = YES;
				INFOPLIST_KEY_UILaunchScreen_Generation = YES;
				INFOPLIST_KEY_UISupportedInterfaceOrientations_iPad = "UIInterfaceOrientationPortrait UIInterfaceOrientationPortraitUpsideDown UIInterfaceOrientationLandscapeLeft UIInterfaceOrientationLandscapeRight";
				INFOPLIST_KEY_UISupportedInterfaceOrientations_iPhone = "UIInterfaceOrientationPortrait UIInterfaceOrientationLandscapeLeft UIInterfaceOrientationLandscapeRight";
				LD_RUNPATH_SEARCH_PATHS = (
					"$(inherited)",
					"@executable_path/Frameworks",
				);
				MARKETING_VERSION = 1.0;
				PRODUCT_BUNDLE_IDENTIFIER = com.nicholausadi.TodoListUbersnap;
				PRODUCT_NAME = "$(TARGET_NAME)";
				SWIFT_EMIT_LOC_STRINGS = YES;
				SWIFT_VERSION = 5.0;
				TARGETED_DEVICE_FAMILY = "1,2";
			};
			name = Release;
		};
		63D3AE562A7946F300C99170 /* Debug */ = {
			isa = XCBuildConfiguration;
			buildSettings = {
				ALWAYS_EMBED_SWIFT_STANDARD_LIBRARIES = YES;
				BUNDLE_LOADER = "$(TEST_HOST)";
				CODE_SIGN_STYLE = Automatic;
				CURRENT_PROJECT_VERSION = 1;
				GENERATE_INFOPLIST_FILE = YES;
				IPHONEOS_DEPLOYMENT_TARGET = 15.5;
				MARKETING_VERSION = 1.0;
				PRODUCT_BUNDLE_IDENTIFIER = com.nicholausadi.TodoListUbersnapTests;
				PRODUCT_NAME = "$(TARGET_NAME)";
				SWIFT_EMIT_LOC_STRINGS = NO;
				SWIFT_VERSION = 5.0;
				TARGETED_DEVICE_FAMILY = "1,2";
				TEST_HOST = "$(BUILT_PRODUCTS_DIR)/TodoListUbersnap.app/TodoListUbersnap";
			};
			name = Debug;
		};
		63D3AE572A7946F300C99170 /* Release */ = {
			isa = XCBuildConfiguration;
			buildSettings = {
				ALWAYS_EMBED_SWIFT_STANDARD_LIBRARIES = YES;
				BUNDLE_LOADER = "$(TEST_HOST)";
				CODE_SIGN_STYLE = Automatic;
				CURRENT_PROJECT_VERSION = 1;
				GENERATE_INFOPLIST_FILE = YES;
				IPHONEOS_DEPLOYMENT_TARGET = 15.5;
				MARKETING_VERSION = 1.0;
				PRODUCT_BUNDLE_IDENTIFIER = com.nicholausadi.TodoListUbersnapTests;
				PRODUCT_NAME = "$(TARGET_NAME)";
				SWIFT_EMIT_LOC_STRINGS = NO;
				SWIFT_VERSION = 5.0;
				TARGETED_DEVICE_FAMILY = "1,2";
				TEST_HOST = "$(BUILT_PRODUCTS_DIR)/TodoListUbersnap.app/TodoListUbersnap";
			};
			name = Release;
		};
		63D3AE592A7946F300C99170 /* Debug */ = {
			isa = XCBuildConfiguration;
			buildSettings = {
				ALWAYS_EMBED_SWIFT_STANDARD_LIBRARIES = YES;
				CODE_SIGN_STYLE = Automatic;
				CURRENT_PROJECT_VERSION = 1;
				GENERATE_INFOPLIST_FILE = YES;
				MARKETING_VERSION = 1.0;
				PRODUCT_BUNDLE_IDENTIFIER = com.nicholausadi.TodoListUbersnapUITests;
				PRODUCT_NAME = "$(TARGET_NAME)";
				SWIFT_EMIT_LOC_STRINGS = NO;
				SWIFT_VERSION = 5.0;
				TARGETED_DEVICE_FAMILY = "1,2";
				TEST_TARGET_NAME = TodoListUbersnap;
			};
			name = Debug;
		};
		63D3AE5A2A7946F300C99170 /* Release */ = {
			isa = XCBuildConfiguration;
			buildSettings = {
				ALWAYS_EMBED_SWIFT_STANDARD_LIBRARIES = YES;
				CODE_SIGN_STYLE = Automatic;
				CURRENT_PROJECT_VERSION = 1;
				GENERATE_INFOPLIST_FILE = YES;
				MARKETING_VERSION = 1.0;
				PRODUCT_BUNDLE_IDENTIFIER = com.nicholausadi.TodoListUbersnapUITests;
				PRODUCT_NAME = "$(TARGET_NAME)";
				SWIFT_EMIT_LOC_STRINGS = NO;
				SWIFT_VERSION = 5.0;
				TARGETED_DEVICE_FAMILY = "1,2";
				TEST_TARGET_NAME = TodoListUbersnap;
			};
			name = Release;
		};
/* End XCBuildConfiguration section */

/* Begin XCConfigurationList section */
		63D3AE242A7946F100C99170 /* Build configuration list for PBXProject "TodoListUbersnap" */ = {
			isa = XCConfigurationList;
			buildConfigurations = (
				63D3AE502A7946F300C99170 /* Debug */,
				63D3AE512A7946F300C99170 /* Release */,
			);
			defaultConfigurationIsVisible = 0;
			defaultConfigurationName = Release;
		};
		63D3AE522A7946F300C99170 /* Build configuration list for PBXNativeTarget "TodoListUbersnap" */ = {
			isa = XCConfigurationList;
			buildConfigurations = (
				63D3AE532A7946F300C99170 /* Debug */,
				63D3AE542A7946F300C99170 /* Release */,
			);
			defaultConfigurationIsVisible = 0;
			defaultConfigurationName = Release;
		};
		63D3AE552A7946F300C99170 /* Build configuration list for PBXNativeTarget "TodoListUbersnapTests" */ = {
			isa = XCConfigurationList;
			buildConfigurations = (
				63D3AE562A7946F300C99170 /* Debug */,
				63D3AE572A7946F300C99170 /* Release */,
			);
			defaultConfigurationIsVisible = 0;
			defaultConfigurationName = Release;
		};
		63D3AE582A7946F300C99170 /* Build configuration list for PBXNativeTarget "TodoListUbersnapUITests" */ = {
			isa = XCConfigurationList;
			buildConfigurations = (
				63D3AE592A7946F300C99170 /* Debug */,
				63D3AE5A2A7946F300C99170 /* Release */,
			);
			defaultConfigurationIsVisible = 0;
			defaultConfigurationName = Release;
		};
/* End XCConfigurationList section */

/* Begin XCVersionGroup section */
		63D3AE372A7946F300C99170 /* TodoListUbersnap.xcdatamodeld */ = {
			isa = XCVersionGroup;
			children = (
				63D3AE382A7946F300C99170 /* TodoListUbersnap.xcdatamodel */,
			);
			currentVersion = 63D3AE382A7946F300C99170 /* TodoListUbersnap.xcdatamodel */;
			path = TodoListUbersnap.xcdatamodeld;
			sourceTree = "<group>";
			versionGroupType = wrapper.xcdatamodel;
		};
/* End XCVersionGroup section */
	};
	rootObject = 63D3AE212A7946F100C99170 /* Project object */;
}
